
Microsoft Visual Studio Solution File, Format Version 12.00
# Visual Studio Version 17
VisualStudioVersion = 17.14.36603.0 d17.14
MinimumVisualStudioVersion = 10.0.40219.1
Project("{FAE04EC0-301F-11D3-BF4B-00C04F79EFBC}") = "SoftwareEngineering", "SoftwareEngineering.csproj", "{BCD58081-EA3D-4ACF-854E-A9B68FC25FDB}"
EndProject
Global
	GlobalSection(SolutionConfigurationPlatforms) = preSolution
		Debug|Any CPU = Debug|Any CPU
		Release|Any CPU = Release|Any CPU
	EndGlobalSection
	GlobalSection(ProjectConfigurationPlatforms) = postSolution
		{BCD58081-EA3D-4ACF-854E-A9B68FC25FDB}.Debug|Any CPU.ActiveCfg = Debug|Any CPU
		{BCD58081-EA3D-4ACF-854E-A9B68FC25FDB}.Debug|Any CPU.Build.0 = Debug|Any CPU
		{BCD58081-EA3D-4ACF-854E-A9B68FC25FDB}.Release|Any CPU.ActiveCfg = Release|Any CPU
		{BCD58081-EA3D-4ACF-854E-A9B68FC25FDB}.Release|Any CPU.Build.0 = Release|Any CPU
	EndGlobalSection
	GlobalSection(SolutionProperties) = preSolution
		HideSolutionNode = FALSE
	EndGlobalSection
	GlobalSection(ExtensibilityGlobals) = postSolution
		SolutionGuid = {99D74D5F-5F8E-4C98-8E3F-33059129449C}
	EndGlobalSection
EndGlobal
